<?xml version="1.0" encoding="utf-8"?>
<Project ToolsVersion="4.0" xmlns="http://schemas.microsoft.com/developer/msbuild/2003">
  <ItemGroup>
    <Filter Include="Source Files">
      <UniqueIdentifier>{4FC737F1-C7A5-4376-A066-2A32D752A2FF}</UniqueIdentifier>
      <Extensions>cpp;c;cc;cxx;def;odl;idl;hpj;bat;asm;asmx</Extensions>
    </Filter>
    <Filter Include="Headers">
      <UniqueIdentifier>{bab2b2ac-aa40-4862-89d9-3c6caf408372}</UniqueIdentifier>
    </Filter>
  </ItemGroup>
  <ItemGroup>
    <ClCompile Include="main.cpp">
      <Filter>Source Files</Filter>
    </ClCompile>
    <ClCompile Include="display.cpp">
      <Filter>Source Files</Filter>
    </ClCompile>
    <ClCompile Include="shader.cpp">
      <Filter>Source Files</Filter>
    </ClCompile>
    <ClCompile Include="mesh.cpp">
      <Filter>Source Files</Filter>
    </ClCompile>
    <ClCompile Include="stb_image.c">
      <Filter>Source Files</Filter>
    </ClCompile>
    <ClCompile Include="texture.cpp">
      <Filter>Source Files</Filter>
    </ClCompile>
    <ClCompile Include="obj_loader.cpp">
      <Filter>Source Files</Filter>
    </ClCompile>
    <ClCompile Include="skybox.cpp">
      <Filter>Source Files</Filter>
    </ClCompile>
  </ItemGroup>
  <ItemGroup>
    <ClInclude Include="display.h">
      <Filter>Headers</Filter>
    </ClInclude>
    <ClInclude Include="shader.h">
      <Filter>Headers</Filter>
    </ClInclude>
    <ClInclude Include="mesh.h">
      <Filter>Headers</Filter>
    </ClInclude>
    <ClInclude Include="stb_image.h">
      <Filter>Headers</Filter>
    </ClInclude>
    <ClInclude Include="texture.h">
      <Filter>Headers</Filter>
    </ClInclude>
    <ClInclude Include="vertex.h">
      <Filter>Headers</Filter>
    </ClInclude>
    <ClInclude Include="camera.h">
      <Filter>Headers</Filter>
    </ClInclude>
    <ClInclude Include="transform.h">
      <Filter>Headers</Filter>
    </ClInclude>
    <ClInclude Include="obj_loader.h">
      <Filter>Headers</Filter>
    </ClInclude>
    <ClInclude Include="skybox.h">
      <Filter>Headers</Filter>
    </ClInclude>
    <ClInclude Include="resource.h" />
    <ClInclude Include="pointer.h">
      <Filter>Headers</Filter>
    </ClInclude>
    <ClInclude Include="stand.h">
      <Filter>Headers</Filter>
    </ClInclude>
    <ClInclude Include="ring.h">
      <Filter>Headers</Filter>
    </ClInclude>
  </ItemGroup>
  <ItemGroup>
    <ResourceCompile Include="GL2015.rc" />
  </ItemGroup>
  <ItemGroup>
    <Image Include="..\x64\Release\res\Icon1.ico" />
  </ItemGroup>
</Project>